
Microsoft Visual Studio Solution File, Format Version 12.00
# Visual Studio Version 16
VisualStudioVersion = 16.0.30330.147
MinimumVisualStudioVersion = 10.0.40219.1
Project("{8BC9CEB8-8B4A-11D0-8D11-00A0C91BC942}") = "capacity", "capacity\capacity.vcxproj", "{746A9EF4-0711-45B4-B2BB-C7FA4F6CD030}"
EndProject
Global
	GlobalSection(SolutionConfigurationPlatforms) = preSolution
		Debug|x64 = Debug|x64
		Debug|x86 = Debug|x86
		Release|x64 = Release|x64
		Release|x86 = Release|x86
	EndGlobalSection
	GlobalSection(ProjectConfigurationPlatforms) = postSolution
		{746A9EF4-0711-45B4-B2BB-C7FA4F6CD030}.Debug|x64.ActiveCfg = Debug|x64
		{746A9EF4-0711-45B4-B2BB-C7FA4F6CD030}.Debug|x64.Build.0 = Debug|x64
		{746A9EF4-0711-45B4-B2BB-C7FA4F6CD030}.Debug|x86.ActiveCfg = Debug|Win32
		{746A9EF4-0711-45B4-B2BB-C7FA4F6CD030}.Debug|x86.Build.0 = Debug|Win32
		{746A9EF4-0711-45B4-B2BB-C7FA4F6CD030}.Release|x64.ActiveCfg = Release|x64
		{746A9EF4-0711-45B4-B2BB-C7FA4F6CD030}.Release|x64.Build.0 = Release|x64
		{746A9EF4-0711-45B4-B2BB-C7FA4F6CD030}.Release|x86.ActiveCfg = Release|Win32
		{746A9EF4-0711-45B4-B2BB-C7FA4F6CD030}.Release|x86.Build.0 = Release|Win32
	EndGlobalSection
	GlobalSection(SolutionProperties) = preSolution
		HideSolutionNode = FALSE
	EndGlobalSection
	GlobalSection(ExtensibilityGlobals) = postSolution
		SolutionGuid = {222CCCB0-5A4F-4CDE-AF13-758B3E652BFE}
	EndGlobalSection
EndGlobal
